
Microsoft Visual Studio Solution File, Format Version 12.00
# Visual Studio Version 17
VisualStudioVersion = 17.11.35327.3
MinimumVisualStudioVersion = 10.0.40219.1
Project("{9A19103F-16F7-4668-BE54-9A1E7A4F7556}") = "LitharsRidge", "LitharsRidge.csproj", "{2689981A-88D4-4FBC-842B-6E9F2D0AF2F1}"
EndProject
Global
	GlobalSection(SolutionConfigurationPlatforms) = preSolution
		Debug|Any CPU = Debug|Any CPU
		Release|Any CPU = Release|Any CPU
	EndGlobalSection
	GlobalSection(ProjectConfigurationPlatforms) = postSolution
		{2689981A-88D4-4FBC-842B-6E9F2D0AF2F1}.Debug|Any CPU.ActiveCfg = Debug|Any CPU
		{2689981A-88D4-4FBC-842B-6E9F2D0AF2F1}.Debug|Any CPU.Build.0 = Debug|Any CPU
		{2689981A-88D4-4FBC-842B-6E9F2D0AF2F1}.Release|Any CPU.ActiveCfg = Release|Any CPU
		{2689981A-88D4-4FBC-842B-6E9F2D0AF2F1}.Release|Any CPU.Build.0 = Release|Any CPU
	EndGlobalSection
	GlobalSection(SolutionProperties) = preSolution
		HideSolutionNode = FALSE
	EndGlobalSection
	GlobalSection(ExtensibilityGlobals) = postSolution
		SolutionGuid = {5AB72AED-528D-45EF-8DEA-885A7F534EF3}
	EndGlobalSection
EndGlobal
